// !$*UTF8*$!
{
	archiveVersion = 1;
	classes = {
	};
	objectVersion = 56;
	objects = {

/* Begin PBXBuildFile section */
		4C18766D2B857962008C6C13 /* PMICApp.swift in Sources */ = {isa = PBXBuildFile; fileRef = 4C18766C2B857962008C6C13 /* PMICApp.swift */; };
		4C18766F2B857962008C6C13 /* ContentView.swift in Sources */ = {isa = PBXBuildFile; fileRef = 4C18766E2B857962008C6C13 /* ContentView.swift */; };
		4C1876712B857963008C6C13 /* Assets.xcassets in Resources */ = {isa = PBXBuildFile; fileRef = 4C1876702B857963008C6C13 /* Assets.xcassets */; };
		4C1876742B857963008C6C13 /* Preview Assets.xcassets in Resources */ = {isa = PBXBuildFile; fileRef = 4C1876732B857963008C6C13 /* Preview Assets.xcassets */; };
		4C18767E2B857963008C6C13 /* PMICTests.swift in Sources */ = {isa = PBXBuildFile; fileRef = 4C18767D2B857963008C6C13 /* PMICTests.swift */; };
		4C1876882B857963008C6C13 /* PMICUITests.swift in Sources */ = {isa = PBXBuildFile; fileRef = 4C1876872B857963008C6C13 /* PMICUITests.swift */; };
		4C18768A2B857963008C6C13 /* PMICUITestsLaunchTests.swift in Sources */ = {isa = PBXBuildFile; fileRef = 4C1876892B857963008C6C13 /* PMICUITestsLaunchTests.swift */; };
		4C1876992B85932D008C6C13 /* ThirdView.swift in Sources */ = {isa = PBXBuildFile; fileRef = 4C1876982B85932D008C6C13 /* ThirdView.swift */; };
		4C1876B62B85C7C5008C6C13 /* FourthView.swift in Sources */ = {isa = PBXBuildFile; fileRef = 4C1876B52B85C7C5008C6C13 /* FourthView.swift */; };
		4C1877282B86E2C2008C6C13 /* CountingNumberAnimationModifier.swift in Sources */ = {isa = PBXBuildFile; fileRef = 4C1877272B86E2C2008C6C13 /* CountingNumberAnimationModifier.swift */; };
		4C18772A2B86E496008C6C13 /* FifthView.swift in Sources */ = {isa = PBXBuildFile; fileRef = 4C1877292B86E496008C6C13 /* FifthView.swift */; };
		4C18772C2B86F328008C6C13 /* SixthView.swift in Sources */ = {isa = PBXBuildFile; fileRef = 4C18772B2B86F328008C6C13 /* SixthView.swift */; };
		4C1877362B87030C008C6C13 /* SecondView.swift in Sources */ = {isa = PBXBuildFile; fileRef = 4C1877352B87030C008C6C13 /* SecondView.swift */; };
/* End PBXBuildFile section */

/* Begin PBXContainerItemProxy section */
		4C18767A2B857963008C6C13 /* PBXContainerItemProxy */ = {
			isa = PBXContainerItemProxy;
			containerPortal = 4C1876612B857962008C6C13 /* Project object */;
			proxyType = 1;
			remoteGlobalIDString = 4C1876682B857962008C6C13;
			remoteInfo = PMIC;
		};
		4C1876842B857963008C6C13 /* PBXContainerItemProxy */ = {
			isa = PBXContainerItemProxy;
			containerPortal = 4C1876612B857962008C6C13 /* Project object */;
			proxyType = 1;
			remoteGlobalIDString = 4C1876682B857962008C6C13;
			remoteInfo = PMIC;
		};
/* End PBXContainerItemProxy section */

/* Begin PBXFileReference section */
		4C1876692B857962008C6C13 /* PMIC.app */ = {isa = PBXFileReference; explicitFileType = wrapper.application; includeInIndex = 0; path = PMIC.app; sourceTree = BUILT_PRODUCTS_DIR; };
		4C18766C2B857962008C6C13 /* PMICApp.swift */ = {isa = PBXFileReference; lastKnownFileType = sourcecode.swift; path = PMICApp.swift; sourceTree = "<group>"; };
		4C18766E2B857962008C6C13 /* ContentView.swift */ = {isa = PBXFileReference; lastKnownFileType = sourcecode.swift; path = ContentView.swift; sourceTree = "<group>"; };
		4C1876702B857963008C6C13 /* Assets.xcassets */ = {isa = PBXFileReference; lastKnownFileType = folder.assetcatalog; path = Assets.xcassets; sourceTree = "<group>"; };
		4C1876732B857963008C6C13 /* Preview Assets.xcassets */ = {isa = PBXFileReference; lastKnownFileType = folder.assetcatalog; path = "Preview Assets.xcassets"; sourceTree = "<group>"; };
		4C1876792B857963008C6C13 /* PMICTests.xctest */ = {isa = PBXFileReference; explicitFileType = wrapper.cfbundle; includeInIndex = 0; path = PMICTests.xctest; sourceTree = BUILT_PRODUCTS_DIR; };
		4C18767D2B857963008C6C13 /* PMICTests.swift */ = {isa = PBXFileReference; lastKnownFileType = sourcecode.swift; path = PMICTests.swift; sourceTree = "<group>"; };
		4C1876832B857963008C6C13 /* PMICUITests.xctest */ = {isa = PBXFileReference; explicitFileType = wrapper.cfbundle; includeInIndex = 0; path = PMICUITests.xctest; sourceTree = BUILT_PRODUCTS_DIR; };
		4C1876872B857963008C6C13 /* PMICUITests.swift */ = {isa = PBXFileReference; lastKnownFileType = sourcecode.swift; path = PMICUITests.swift; sourceTree = "<group>"; };
		4C1876892B857963008C6C13 /* PMICUITestsLaunchTests.swift */ = {isa = PBXFileReference; lastKnownFileType = sourcecode.swift; path = PMICUITestsLaunchTests.swift; sourceTree = "<group>"; };
		4C1876982B85932D008C6C13 /* ThirdView.swift */ = {isa = PBXFileReference; lastKnownFileType = sourcecode.swift; path = ThirdView.swift; sourceTree = "<group>"; };
		4C1876B52B85C7C5008C6C13 /* FourthView.swift */ = {isa = PBXFileReference; lastKnownFileType = sourcecode.swift; path = FourthView.swift; sourceTree = "<group>"; };
		4C1877272B86E2C2008C6C13 /* CountingNumberAnimationModifier.swift */ = {isa = PBXFileReference; lastKnownFileType = sourcecode.swift; path = CountingNumberAnimationModifier.swift; sourceTree = "<group>"; };
		4C1877292B86E496008C6C13 /* FifthView.swift */ = {isa = PBXFileReference; lastKnownFileType = sourcecode.swift; path = FifthView.swift; sourceTree = "<group>"; };
		4C18772B2B86F328008C6C13 /* SixthView.swift */ = {isa = PBXFileReference; lastKnownFileType = sourcecode.swift; path = SixthView.swift; sourceTree = "<group>"; };
		4C1877352B87030C008C6C13 /* SecondView.swift */ = {isa = PBXFileReference; lastKnownFileType = sourcecode.swift; path = SecondView.swift; sourceTree = "<group>"; };
/* End PBXFileReference section */

/* Begin PBXFrameworksBuildPhase section */
		4C1876662B857962008C6C13 /* Frameworks */ = {
			isa = PBXFrameworksBuildPhase;
			buildActionMask = 2147483647;
			files = (
			);
			runOnlyForDeploymentPostprocessing = 0;
		};
		4C1876762B857963008C6C13 /* Frameworks */ = {
			isa = PBXFrameworksBuildPhase;
			buildActionMask = 2147483647;
			files = (
			);
			runOnlyForDeploymentPostprocessing = 0;
		};
		4C1876802B857963008C6C13 /* Frameworks */ = {
			isa = PBXFrameworksBuildPhase;
			buildActionMask = 2147483647;
			files = (
			);
			runOnlyForDeploymentPostprocessing = 0;
		};
/* End PBXFrameworksBuildPhase section */

/* Begin PBXGroup section */
		4C1876602B857962008C6C13 = {
			isa = PBXGroup;
			children = (
				4C18766B2B857962008C6C13 /* PMIC */,
				4C18767C2B857963008C6C13 /* PMICTests */,
				4C1876862B857963008C6C13 /* PMICUITests */,
				4C18766A2B857962008C6C13 /* Products */,
			);
			sourceTree = "<group>";
		};
		4C18766A2B857962008C6C13 /* Products */ = {
			isa = PBXGroup;
			children = (
				4C1876692B857962008C6C13 /* PMIC.app */,
				4C1876792B857963008C6C13 /* PMICTests.xctest */,
				4C1876832B857963008C6C13 /* PMICUITests.xctest */,
			);
			name = Products;
			sourceTree = "<group>";
		};
		4C18766B2B857962008C6C13 /* PMIC */ = {
			isa = PBXGroup;
			children = (
				4C18766C2B857962008C6C13 /* PMICApp.swift */,
				4C18766E2B857962008C6C13 /* ContentView.swift */,
				4C1877352B87030C008C6C13 /* SecondView.swift */,
				4C1876982B85932D008C6C13 /* ThirdView.swift */,
				4C1877272B86E2C2008C6C13 /* CountingNumberAnimationModifier.swift */,
				4C1876B52B85C7C5008C6C13 /* FourthView.swift */,
				4C1877292B86E496008C6C13 /* FifthView.swift */,
				4C18772B2B86F328008C6C13 /* SixthView.swift */,
				4C1876702B857963008C6C13 /* Assets.xcassets */,
				4C1876722B857963008C6C13 /* Preview Content */,
			);
			path = PMIC;
			sourceTree = "<group>";
		};
		4C1876722B857963008C6C13 /* Preview Content */ = {
			isa = PBXGroup;
			children = (
				4C1876732B857963008C6C13 /* Preview Assets.xcassets */,
			);
			path = "Preview Content";
			sourceTree = "<group>";
		};
		4C18767C2B857963008C6C13 /* PMICTests */ = {
			isa = PBXGroup;
			children = (
				4C18767D2B857963008C6C13 /* PMICTests.swift */,
			);
			path = PMICTests;
			sourceTree = "<group>";
		};
		4C1876862B857963008C6C13 /* PMICUITests */ = {
			isa = PBXGroup;
			children = (
				4C1876872B857963008C6C13 /* PMICUITests.swift */,
				4C1876892B857963008C6C13 /* PMICUITestsLaunchTests.swift */,
			);
			path = PMICUITests;
			sourceTree = "<group>";
		};
/* End PBXGroup section */

/* Begin PBXNativeTarget section */
		4C1876682B857962008C6C13 /* PMIC */ = {
			isa = PBXNativeTarget;
			buildConfigurationList = 4C18768D2B857963008C6C13 /* Build configuration list for PBXNativeTarget "PMIC" */;
			buildPhases = (
				4C1876652B857962008C6C13 /* Sources */,
				4C1876662B857962008C6C13 /* Frameworks */,
				4C1876672B857962008C6C13 /* Resources */,
			);
			buildRules = (
			);
			dependencies = (
			);
			name = PMIC;
			productName = PMIC;
			productReference = 4C1876692B857962008C6C13 /* PMIC.app */;
			productType = "com.apple.product-type.application";
		};
		4C1876782B857963008C6C13 /* PMICTests */ = {
			isa = PBXNativeTarget;
			buildConfigurationList = 4C1876902B857963008C6C13 /* Build configuration list for PBXNativeTarget "PMICTests" */;
			buildPhases = (
				4C1876752B857963008C6C13 /* Sources */,
				4C1876762B857963008C6C13 /* Frameworks */,
				4C1876772B857963008C6C13 /* Resources */,
			);
			buildRules = (
			);
			dependencies = (
				4C18767B2B857963008C6C13 /* PBXTargetDependency */,
			);
			name = PMICTests;
			productName = PMICTests;
			productReference = 4C1876792B857963008C6C13 /* PMICTests.xctest */;
			productType = "com.apple.product-type.bundle.unit-test";
		};
		4C1876822B857963008C6C13 /* PMICUITests */ = {
			isa = PBXNativeTarget;
			buildConfigurationList = 4C1876932B857963008C6C13 /* Build configuration list for PBXNativeTarget "PMICUITests" */;
			buildPhases = (
				4C18767F2B857963008C6C13 /* Sources */,
				4C1876802B857963008C6C13 /* Frameworks */,
				4C1876812B857963008C6C13 /* Resources */,
			);
			buildRules = (
			);
			dependencies = (
				4C1876852B857963008C6C13 /* PBXTargetDependency */,
			);
			name = PMICUITests;
			productName = PMICUITests;
			productReference = 4C1876832B857963008C6C13 /* PMICUITests.xctest */;
			productType = "com.apple.product-type.bundle.ui-testing";
		};
/* End PBXNativeTarget section */

/* Begin PBXProject section */
		4C1876612B857962008C6C13 /* Project object */ = {
			isa = PBXProject;
			attributes = {
				BuildIndependentTargetsInParallel = 1;
				LastSwiftUpdateCheck = 1520;
				LastUpgradeCheck = 1520;
				TargetAttributes = {
					4C1876682B857962008C6C13 = {
						CreatedOnToolsVersion = 15.2;
					};
					4C1876782B857963008C6C13 = {
						CreatedOnToolsVersion = 15.2;
						TestTargetID = 4C1876682B857962008C6C13;
					};
					4C1876822B857963008C6C13 = {
						CreatedOnToolsVersion = 15.2;
						TestTargetID = 4C1876682B857962008C6C13;
					};
				};
			};
			buildConfigurationList = 4C1876642B857962008C6C13 /* Build configuration list for PBXProject "PMIC" */;
			compatibilityVersion = "Xcode 14.0";
			developmentRegion = en;
			hasScannedForEncodings = 0;
			knownRegions = (
				en,
				Base,
			);
			mainGroup = 4C1876602B857962008C6C13;
			productRefGroup = 4C18766A2B857962008C6C13 /* Products */;
			projectDirPath = "";
			projectRoot = "";
			targets = (
				4C1876682B857962008C6C13 /* PMIC */,
				4C1876782B857963008C6C13 /* PMICTests */,
				4C1876822B857963008C6C13 /* PMICUITests */,
			);
		};
/* End PBXProject section */

/* Begin PBXResourcesBuildPhase section */
		4C1876672B857962008C6C13 /* Resources */ = {
			isa = PBXResourcesBuildPhase;
			buildActionMask = 2147483647;
			files = (
				4C1876742B857963008C6C13 /* Preview Assets.xcassets in Resources */,
				4C1876712B857963008C6C13 /* Assets.xcassets in Resources */,
			);
			runOnlyForDeploymentPostprocessing = 0;
		};
		4C1876772B857963008C6C13 /* Resources */ = {
			isa = PBXResourcesBuildPhase;
			buildActionMask = 2147483647;
			files = (
			);
			runOnlyForDeploymentPostprocessing = 0;
		};
		4C1876812B857963008C6C13 /* Resources */ = {
			isa = PBXResourcesBuildPhase;
			buildActionMask = 2147483647;
			files = (
			);
			runOnlyForDeploymentPostprocessing = 0;
		};
/* End PBXResourcesBuildPhase section */

/* Begin PBXSourcesBuildPhase section */
		4C1876652B857962008C6C13 /* Sources */ = {
			isa = PBXSourcesBuildPhase;
			buildActionMask = 2147483647;
			files = (
				4C1876992B85932D008C6C13 /* ThirdView.swift in Sources */,
				4C1877282B86E2C2008C6C13 /* CountingNumberAnimationModifier.swift in Sources */,
				4C18766F2B857962008C6C13 /* ContentView.swift in Sources */,
				4C18766D2B857962008C6C13 /* PMICApp.swift in Sources */,
				4C1877362B87030C008C6C13 /* SecondView.swift in Sources */,
				4C18772C2B86F328008C6C13 /* SixthView.swift in Sources */,
				4C18772A2B86E496008C6C13 /* FifthView.swift in Sources */,
				4C1876B62B85C7C5008C6C13 /* FourthView.swift in Sources */,
			);
			runOnlyForDeploymentPostprocessing = 0;
		};
		4C1876752B857963008C6C13 /* Sources */ = {
			isa = PBXSourcesBuildPhase;
			buildActionMask = 2147483647;
			files = (
				4C18767E2B857963008C6C13 /* PMICTests.swift in Sources */,
			);
			runOnlyForDeploymentPostprocessing = 0;
		};
		4C18767F2B857963008C6C13 /* Sources */ = {
			isa = PBXSourcesBuildPhase;
			buildActionMask = 2147483647;
			files = (
				4C1876882B857963008C6C13 /* PMICUITests.swift in Sources */,
				4C18768A2B857963008C6C13 /* PMICUITestsLaunchTests.swift in Sources */,
			);
			runOnlyForDeploymentPostprocessing = 0;
		};
/* End PBXSourcesBuildPhase section */

/* Begin PBXTargetDependency section */
		4C18767B2B857963008C6C13 /* PBXTargetDependency */ = {
			isa = PBXTargetDependency;
			target = 4C1876682B857962008C6C13 /* PMIC */;
			targetProxy = 4C18767A2B857963008C6C13 /* PBXContainerItemProxy */;
		};
		4C1876852B857963008C6C13 /* PBXTargetDependency */ = {
			isa = PBXTargetDependency;
			target = 4C1876682B857962008C6C13 /* PMIC */;
			targetProxy = 4C1876842B857963008C6C13 /* PBXContainerItemProxy */;
		};
/* End PBXTargetDependency section */

/* Begin XCBuildConfiguration section */
		4C18768B2B857963008C6C13 /* Debug */ = {
			isa = XCBuildConfiguration;
			buildSettings = {
				ALWAYS_SEARCH_USER_PATHS = NO;
				ASSETCATALOG_COMPILER_GENERATE_SWIFT_ASSET_SYMBOL_EXTENSIONS = YES;
				CLANG_ANALYZER_NONNULL = YES;
				CLANG_ANALYZER_NUMBER_OBJECT_CONVERSION = YES_AGGRESSIVE;
				CLANG_CXX_LANGUAGE_STANDARD = "gnu++20";
				CLANG_ENABLE_MODULES = YES;
				CLANG_ENABLE_OBJC_ARC = YES;
				CLANG_ENABLE_OBJC_WEAK = YES;
				CLANG_WARN_BLOCK_CAPTURE_AUTORELEASING = YES;
				CLANG_WARN_BOOL_CONVERSION = YES;
				CLANG_WARN_COMMA = YES;
				CLANG_WARN_CONSTANT_CONVERSION = YES;
				CLANG_WARN_DEPRECATED_OBJC_IMPLEMENTATIONS = YES;
				CLANG_WARN_DIRECT_OBJC_ISA_USAGE = YES_ERROR;
				CLANG_WARN_DOCUMENTATION_COMMENTS = YES;
				CLANG_WARN_EMPTY_BODY = YES;
				CLANG_WARN_ENUM_CONVERSION = YES;
				CLANG_WARN_INFINITE_RECURSION = YES;
				CLANG_WARN_INT_CONVERSION = YES;
				CLANG_WARN_NON_LITERAL_NULL_CONVERSION = YES;
				CLANG_WARN_OBJC_IMPLICIT_RETAIN_SELF = YES;
				CLANG_WARN_OBJC_LITERAL_CONVERSION = YES;
				CLANG_WARN_OBJC_ROOT_CLASS = YES_ERROR;
				CLANG_WARN_QUOTED_INCLUDE_IN_FRAMEWORK_HEADER = YES;
				CLANG_WARN_RANGE_LOOP_ANALYSIS = YES;
				CLANG_WARN_STRICT_PROTOTYPES = YES;
				CLANG_WARN_SUSPICIOUS_MOVE = YES;
				CLANG_WARN_UNGUARDED_AVAILABILITY = YES_AGGRESSIVE;
				CLANG_WARN_UNREACHABLE_CODE = YES;
				CLANG_WARN__DUPLICATE_METHOD_MATCH = YES;
				COPY_PHASE_STRIP = NO;
				DEBUG_INFORMATION_FORMAT = dwarf;
				ENABLE_STRICT_OBJC_MSGSEND = YES;
				ENABLE_TESTABILITY = YES;
				ENABLE_USER_SCRIPT_SANDBOXING = YES;
				GCC_C_LANGUAGE_STANDARD = gnu17;
				GCC_DYNAMIC_NO_PIC = NO;
				GCC_NO_COMMON_BLOCKS = YES;
				GCC_OPTIMIZATION_LEVEL = 0;
				GCC_PREPROCESSOR_DEFINITIONS = (
					"DEBUG=1",
					"$(inherited)",
				);
				GCC_WARN_64_TO_32_BIT_CONVERSION = YES;
				GCC_WARN_ABOUT_RETURN_TYPE = YES_ERROR;
				GCC_WARN_UNDECLARED_SELECTOR = YES;
				GCC_WARN_UNINITIALIZED_AUTOS = YES_AGGRESSIVE;
				GCC_WARN_UNUSED_FUNCTION = YES;
				GCC_WARN_UNUSED_VARIABLE = YES;
				IPHONEOS_DEPLOYMENT_TARGET = 17.2;
				LOCALIZATION_PREFERS_STRING_CATALOGS = YES;
				MTL_ENABLE_DEBUG_INFO = INCLUDE_SOURCE;
				MTL_FAST_MATH = YES;
				ONLY_ACTIVE_ARCH = YES;
				SDKROOT = iphoneos;
				SWIFT_ACTIVE_COMPILATION_CONDITIONS = "DEBUG $(inherited)";
				SWIFT_OPTIMIZATION_LEVEL = "-Onone";
			};
			name = Debug;
		};
		4C18768C2B857963008C6C13 /* Release */ = {
			isa = XCBuildConfiguration;
			buildSettings = {
				ALWAYS_SEARCH_USER_PATHS = NO;
				ASSETCATALOG_COMPILER_GENERATE_SWIFT_ASSET_SYMBOL_EXTENSIONS = YES;
				CLANG_ANALYZER_NONNULL = YES;
				CLANG_ANALYZER_NUMBER_OBJECT_CONVERSION = YES_AGGRESSIVE;
				CLANG_CXX_LANGUAGE_STANDARD = "gnu++20";
				CLANG_ENABLE_MODULES = YES;
				CLANG_ENABLE_OBJC_ARC = YES;
				CLANG_ENABLE_OBJC_WEAK = YES;
				CLANG_WARN_BLOCK_CAPTURE_AUTORELEASING = YES;
				CLANG_WARN_BOOL_CONVERSION = YES;
				CLANG_WARN_COMMA = YES;
				CLANG_WARN_CONSTANT_CONVERSION = YES;
				CLANG_WARN_DEPRECATED_OBJC_IMPLEMENTATIONS = YES;
				CLANG_WARN_DIRECT_OBJC_ISA_USAGE = YES_ERROR;
				CLANG_WARN_DOCUMENTATION_COMMENTS = YES;
				CLANG_WARN_EMPTY_BODY = YES;
				CLANG_WARN_ENUM_CONVERSION = YES;
				CLANG_WARN_INFINITE_RECURSION = YES;
				CLANG_WARN_INT_CONVERSION = YES;
				CLANG_WARN_NON_LITERAL_NULL_CONVERSION = YES;
				CLANG_WARN_OBJC_IMPLICIT_RETAIN_SELF = YES;
				CLANG_WARN_OBJC_LITERAL_CONVERSION = YES;
				CLANG_WARN_OBJC_ROOT_CLASS = YES_ERROR;
				CLANG_WARN_QUOTED_INCLUDE_IN_FRAMEWORK_HEADER = YES;
				CLANG_WARN_RANGE_LOOP_ANALYSIS = YES;
				CLANG_WARN_STRICT_PROTOTYPES = YES;
				CLANG_WARN_SUSPICIOUS_MOVE = YES;
				CLANG_WARN_UNGUARDED_AVAILABILITY = YES_AGGRESSIVE;
				CLANG_WARN_UNREACHABLE_CODE = YES;
				CLANG_WARN__DUPLICATE_METHOD_MATCH = YES;
				COPY_PHASE_STRIP = NO;
				DEBUG_INFORMATION_FORMAT = "dwarf-with-dsym";
				ENABLE_NS_ASSERTIONS = NO;
				ENABLE_STRICT_OBJC_MSGSEND = YES;
				ENABLE_USER_SCRIPT_SANDBOXING = YES;
				GCC_C_LANGUAGE_STANDARD = gnu17;
				GCC_NO_COMMON_BLOCKS = YES;
				GCC_WARN_64_TO_32_BIT_CONVERSION = YES;
				GCC_WARN_ABOUT_RETURN_TYPE = YES_ERROR;
				GCC_WARN_UNDECLARED_SELECTOR = YES;
				GCC_WARN_UNINITIALIZED_AUTOS = YES_AGGRESSIVE;
				GCC_WARN_UNUSED_FUNCTION = YES;
				GCC_WARN_UNUSED_VARIABLE = YES;
				IPHONEOS_DEPLOYMENT_TARGET = 17.2;
				LOCALIZATION_PREFERS_STRING_CATALOGS = YES;
				MTL_ENABLE_DEBUG_INFO = NO;
				MTL_FAST_MATH = YES;
				SDKROOT = iphoneos;
				SWIFT_COMPILATION_MODE = wholemodule;
				VALIDATE_PRODUCT = YES;
			};
			name = Release;
		};
		4C18768E2B857963008C6C13 /* Debug */ = {
			isa = XCBuildConfiguration;
			buildSettings = {
				ASSETCATALOG_COMPILER_APPICON_NAME = AppIcon;
				ASSETCATALOG_COMPILER_GLOBAL_ACCENT_COLOR_NAME = AccentColor;
				CODE_SIGN_STYLE = Automatic;
				CURRENT_PROJECT_VERSION = 1;
				DEVELOPMENT_ASSET_PATHS = "\"PMIC/Preview Content\"";
				ENABLE_PREVIEWS = YES;
				GENERATE_INFOPLIST_FILE = YES;
				INFOPLIST_KEY_UIApplicationSceneManifest_Generation = YES;
				INFOPLIST_KEY_UIApplicationSupportsIndirectInputEvents = YES;
				INFOPLIST_KEY_UILaunchScreen_Generation = YES;
				INFOPLIST_KEY_UISupportedInterfaceOrientations_iPad = "UIInterfaceOrientationPortrait UIInterfaceOrientationPortraitUpsideDown UIInterfaceOrientationLandscapeLeft UIInterfaceOrientationLandscapeRight";
				INFOPLIST_KEY_UISupportedInterfaceOrientations_iPhone = "UIInterfaceOrientationPortrait UIInterfaceOrientationLandscapeLeft UIInterfaceOrientationLandscapeRight";
				LD_RUNPATH_SEARCH_PATHS = (
					"$(inherited)",
					"@executable_path/Frameworks",
				);
				MARKETING_VERSION = 1.0;
				PRODUCT_BUNDLE_IDENTIFIER = com.anad.PMIC;
				PRODUCT_NAME = "$(TARGET_NAME)";
				SWIFT_EMIT_LOC_STRINGS = YES;
				SWIFT_VERSION = 5.0;
				TARGETED_DEVICE_FAMILY = "1,2";
			};
			name = Debug;
		};
		4C18768F2B857963008C6C13 /* Release */ = {
			isa = XCBuildConfiguration;
			buildSettings = {
				ASSETCATALOG_COMPILER_APPICON_NAME = AppIcon;
				ASSETCATALOG_COMPILER_GLOBAL_ACCENT_COLOR_NAME = AccentColor;
				CODE_SIGN_STYLE = Automatic;
				CURRENT_PROJECT_VERSION = 1;
				DEVELOPMENT_ASSET_PATHS = "\"PMIC/Preview Content\"";
				ENABLE_PREVIEWS = YES;
				GENERATE_INFOPLIST_FILE = YES;
				INFOPLIST_KEY_UIApplicationSceneManifest_Generation = YES;
				INFOPLIST_KEY_UIApplicationSupportsIndirectInputEvents = YES;
				INFOPLIST_KEY_UILaunchScreen_Generation = YES;
				INFOPLIST_KEY_UISupportedInterfaceOrientations_iPad = "UIInterfaceOrientationPortrait UIInterfaceOrientationPortraitUpsideDown UIInterfaceOrientationLandscapeLeft UIInterfaceOrientationLandscapeRight";
				INFOPLIST_KEY_UISupportedInterfaceOrientations_iPhone = "UIInterfaceOrientationPortrait UIInterfaceOrientationLandscapeLeft UIInterfaceOrientationLandscapeRight";
				LD_RUNPATH_SEARCH_PATHS = (
					"$(inherited)",
					"@executable_path/Frameworks",
				);
				MARKETING_VERSION = 1.0;
				PRODUCT_BUNDLE_IDENTIFIER = com.anad.PMIC;
				PRODUCT_NAME = "$(TARGET_NAME)";
				SWIFT_EMIT_LOC_STRINGS = YES;
				SWIFT_VERSION = 5.0;
				TARGETED_DEVICE_FAMILY = "1,2";
			};
			name = Release;
		};
		4C1876912B857963008C6C13 /* Debug */ = {
			isa = XCBuildConfiguration;
			buildSettings = {
				ALWAYS_EMBED_SWIFT_STANDARD_LIBRARIES = YES;
				BUNDLE_LOADER = "$(TEST_HOST)";
				CODE_SIGN_STYLE = Automatic;
				CURRENT_PROJECT_VERSION = 1;
				GENERATE_INFOPLIST_FILE = YES;
				IPHONEOS_DEPLOYMENT_TARGET = 17.2;
				MARKETING_VERSION = 1.0;
				PRODUCT_BUNDLE_IDENTIFIER = com.anad.PMICTests;
				PRODUCT_NAME = "$(TARGET_NAME)";
				SWIFT_EMIT_LOC_STRINGS = NO;
				SWIFT_VERSION = 5.0;
				TARGETED_DEVICE_FAMILY = "1,2";
				TEST_HOST = "$(BUILT_PRODUCTS_DIR)/PMIC.app/$(BUNDLE_EXECUTABLE_FOLDER_PATH)/PMIC";
			};
			name = Debug;
		};
		4C1876922B857963008C6C13 /* Release */ = {
			isa = XCBuildConfiguration;
			buildSettings = {
				ALWAYS_EMBED_SWIFT_STANDARD_LIBRARIES = YES;
				BUNDLE_LOADER = "$(TEST_HOST)";
				CODE_SIGN_STYLE = Automatic;
				CURRENT_PROJECT_VERSION = 1;
				GENERATE_INFOPLIST_FILE = YES;
				IPHONEOS_DEPLOYMENT_TARGET = 17.2;
				MARKETING_VERSION = 1.0;
				PRODUCT_BUNDLE_IDENTIFIER = com.anad.PMICTests;
				PRODUCT_NAME = "$(TARGET_NAME)";
				SWIFT_EMIT_LOC_STRINGS = NO;
				SWIFT_VERSION = 5.0;
				TARGETED_DEVICE_FAMILY = "1,2";
				TEST_HOST = "$(BUILT_PRODUCTS_DIR)/PMIC.app/$(BUNDLE_EXECUTABLE_FOLDER_PATH)/PMIC";
			};
			name = Release;
		};
		4C1876942B857963008C6C13 /* Debug */ = {
			isa = XCBuildConfiguration;
			buildSettings = {
				ALWAYS_EMBED_SWIFT_STANDARD_LIBRARIES = YES;
				CODE_SIGN_STYLE = Automatic;
				CURRENT_PROJECT_VERSION = 1;
				GENERATE_INFOPLIST_FILE = YES;
				MARKETING_VERSION = 1.0;
				PRODUCT_BUNDLE_IDENTIFIER = com.anad.PMICUITests;
				PRODUCT_NAME = "$(TARGET_NAME)";
				SWIFT_EMIT_LOC_STRINGS = NO;
				SWIFT_VERSION = 5.0;
				TARGETED_DEVICE_FAMILY = "1,2";
				TEST_TARGET_NAME = PMIC;
			};
			name = Debug;
		};
		4C1876952B857963008C6C13 /* Release */ = {
			isa = XCBuildConfiguration;
			buildSettings = {
				ALWAYS_EMBED_SWIFT_STANDARD_LIBRARIES = YES;
				CODE_SIGN_STYLE = Automatic;
				CURRENT_PROJECT_VERSION = 1;
				GENERATE_INFOPLIST_FILE = YES;
				MARKETING_VERSION = 1.0;
				PRODUCT_BUNDLE_IDENTIFIER = com.anad.PMICUITests;
				PRODUCT_NAME = "$(TARGET_NAME)";
				SWIFT_EMIT_LOC_STRINGS = NO;
				SWIFT_VERSION = 5.0;
				TARGETED_DEVICE_FAMILY = "1,2";
				TEST_TARGET_NAME = PMIC;
			};
			name = Release;
		};
/* End XCBuildConfiguration section */

/* Begin XCConfigurationList section */
		4C1876642B857962008C6C13 /* Build configuration list for PBXProject "PMIC" */ = {
			isa = XCConfigurationList;
			buildConfigurations = (
				4C18768B2B857963008C6C13 /* Debug */,
				4C18768C2B857963008C6C13 /* Release */,
			);
			defaultConfigurationIsVisible = 0;
			defaultConfigurationName = Release;
		};
		4C18768D2B857963008C6C13 /* Build configuration list for PBXNativeTarget "PMIC" */ = {
			isa = XCConfigurationList;
			buildConfigurations = (
				4C18768E2B857963008C6C13 /* Debug */,
				4C18768F2B857963008C6C13 /* Release */,
			);
			defaultConfigurationIsVisible = 0;
			defaultConfigurationName = Release;
		};
		4C1876902B857963008C6C13 /* Build configuration list for PBXNativeTarget "PMICTests" */ = {
			isa = XCConfigurationList;
			buildConfigurations = (
				4C1876912B857963008C6C13 /* Debug */,
				4C1876922B857963008C6C13 /* Release */,
			);
			defaultConfigurationIsVisible = 0;
			defaultConfigurationName = Release;
		};
		4C1876932B857963008C6C13 /* Build configuration list for PBXNativeTarget "PMICUITests" */ = {
			isa = XCConfigurationList;
			buildConfigurations = (
				4C1876942B857963008C6C13 /* Debug */,
				4C1876952B857963008C6C13 /* Release */,
			);
			defaultConfigurationIsVisible = 0;
			defaultConfigurationName = Release;
		};
/* End XCConfigurationList section */
	};
	rootObject = 4C1876612B857962008C6C13 /* Project object */;
}
